
Microsoft Visual Studio Solution File, Format Version 12.00
# Visual Studio Version 17
VisualStudioVersion = 17.13.35931.197
MinimumVisualStudioVersion = 10.0.40219.1
Project("{FAE04EC0-301F-11D3-BF4B-00C04F79EFBC}") = "Authentication.JWT.Api", "Authentication.Api\Authentication.JWT.Api.csproj", "{844DD0F2-BAA5-4D76-90AC-61067BB3664A}"
EndProject
Global
	GlobalSection(SolutionConfigurationPlatforms) = preSolution
		Debug|Any CPU = Debug|Any CPU
		Release|Any CPU = Release|Any CPU
	EndGlobalSection
	GlobalSection(ProjectConfigurationPlatforms) = postSolution
		{844DD0F2-BAA5-4D76-90AC-61067BB3664A}.Debug|Any CPU.ActiveCfg = Debug|Any CPU
		{844DD0F2-BAA5-4D76-90AC-61067BB3664A}.Debug|Any CPU.Build.0 = Debug|Any CPU
		{844DD0F2-BAA5-4D76-90AC-61067BB3664A}.Release|Any CPU.ActiveCfg = Release|Any CPU
		{844DD0F2-BAA5-4D76-90AC-61067BB3664A}.Release|Any CPU.Build.0 = Release|Any CPU
	EndGlobalSection
	GlobalSection(SolutionProperties) = preSolution
		HideSolutionNode = FALSE
	EndGlobalSection
	GlobalSection(ExtensibilityGlobals) = postSolution
		SolutionGuid = {BA2C6988-A2C8-4ABA-AD8B-590DFFC74B29}
	EndGlobalSection
EndGlobal
