
Microsoft Visual Studio Solution File, Format Version 12.00
# Visual Studio Version 17
VisualStudioVersion = 17.13.35931.197
MinimumVisualStudioVersion = 10.0.40219.1
Project("{FAE04EC0-301F-11D3-BF4B-00C04F79EFBC}") = "Authentication.JWT.Api", "Authentication.Api\Authentication.JWT.Api.csproj", "{844DD0F2-BAA5-4D76-90AC-61067BB3664A}"
EndProject
Project("{2150E333-8FDC-42A3-9474-1A3956D46DE8}") = "JWT", "JWT", "{02EA681E-C7D8-13C7-8484-4AC65E1B71E8}"
EndProject
Project("{2150E333-8FDC-42A3-9474-1A3956D46DE8}") = "CUSTOM-COOKIE-BASED", "CUSTOM-COOKIE-BASED", "{4DADBBB0-A875-4053-8E4D-8AD8D8FF692A}"
EndProject
Project("{FAE04EC0-301F-11D3-BF4B-00C04F79EFBC}") = "CustomAuth.Api", "CustomAuth.Api\CustomAuth.Api.csproj", "{FB4B52AD-4FCC-4804-BF65-C7C8C5ADF015}"
EndProject
Global
	GlobalSection(SolutionConfigurationPlatforms) = preSolution
		Debug|Any CPU = Debug|Any CPU
		Release|Any CPU = Release|Any CPU
	EndGlobalSection
	GlobalSection(ProjectConfigurationPlatforms) = postSolution
		{844DD0F2-BAA5-4D76-90AC-61067BB3664A}.Debug|Any CPU.ActiveCfg = Debug|Any CPU
		{844DD0F2-BAA5-4D76-90AC-61067BB3664A}.Debug|Any CPU.Build.0 = Debug|Any CPU
		{844DD0F2-BAA5-4D76-90AC-61067BB3664A}.Release|Any CPU.ActiveCfg = Release|Any CPU
		{844DD0F2-BAA5-4D76-90AC-61067BB3664A}.Release|Any CPU.Build.0 = Release|Any CPU
		{FB4B52AD-4FCC-4804-BF65-C7C8C5ADF015}.Debug|Any CPU.ActiveCfg = Debug|Any CPU
		{FB4B52AD-4FCC-4804-BF65-C7C8C5ADF015}.Debug|Any CPU.Build.0 = Debug|Any CPU
		{FB4B52AD-4FCC-4804-BF65-C7C8C5ADF015}.Release|Any CPU.ActiveCfg = Release|Any CPU
		{FB4B52AD-4FCC-4804-BF65-C7C8C5ADF015}.Release|Any CPU.Build.0 = Release|Any CPU
	EndGlobalSection
	GlobalSection(SolutionProperties) = preSolution
		HideSolutionNode = FALSE
	EndGlobalSection
	GlobalSection(NestedProjects) = preSolution
		{844DD0F2-BAA5-4D76-90AC-61067BB3664A} = {02EA681E-C7D8-13C7-8484-4AC65E1B71E8}
		{FB4B52AD-4FCC-4804-BF65-C7C8C5ADF015} = {4DADBBB0-A875-4053-8E4D-8AD8D8FF692A}
	EndGlobalSection
	GlobalSection(ExtensibilityGlobals) = postSolution
		SolutionGuid = {BA2C6988-A2C8-4ABA-AD8B-590DFFC74B29}
	EndGlobalSection
EndGlobal
